{
    "_readme": [
        "This file locks the dependencies of your project to a known state",
        "Read more about it at https://getcomposer.org/doc/01-basic-usage.md#installing-dependencies",
        "This file is @generated automatically"
    ],
    "content-hash": "1aeea9a4acc8891c6c5e7957ff021c35",
    "packages": [
        {
            "name": "brick/math",
            "version": "0.14.0",
            "source": {
                "type": "git",
                "url": "https://github.com/brick/math.git",
                "reference": "113a8ee2656b882d4c3164fa31aa6e12cbb7aaa2"
            },
            "dist": {
                "type": "zip",
                "url": "https://api.github.com/repos/brick/math/zipball/113a8ee2656b882d4c3164fa31aa6e12cbb7aaa2",
                "reference": "113a8ee2656b882d4c3164fa31aa6e12cbb7aaa2",
                "shasum": ""
            },
            "require": {
                "php": "^8.2"
            },
            "require-dev": {
                "php-coveralls/php-coveralls": "^2.2",
                "phpstan/phpstan": "2.1.22",
                "phpunit/phpunit": "^11.5"
            },
            "type": "library",
            "autoload": {
                "psr-4": {
                    "Brick\\Math\\": "src/"
                }
            },
            "notification-url": "https://packagist.org/downloads/",
            "license": [
                "MIT"
            ],
            "description": "Arbitrary-precision arithmetic library",
            "keywords": [
                "Arbitrary-precision",
                "BigInteger",
                "BigRational",
                "arithmetic",
                "bigdecimal",
                "bignum",
                "bignumber",
                "brick",
                "decimal",
                "integer",
                "math",
                "mathematics",
                "rational"
            ],
            "support": {
                "issues": "https://github.com/brick/math/issues",
                "source": "https://github.com/brick/math/tree/0.14.0"
            },
            "funding": [
                {
                    "url": "https://github.com/BenMorel",
                    "type": "github"
                }
            ],
            "time": "2025-08-29T12:40:03+00:00"
        },
        {
            "name": "defuse/php-encryption",
            "version": "v2.4.0",
            "source": {
                "type": "git",
                "url": "https://github.com/defuse/php-encryption.git",
                "reference": "f53396c2d34225064647a05ca76c1da9d99e5828"
            },
            "dist": {
                "type": "zip",
                "url": "https://api.github.com/repos/defuse/php-encryption/zipball/f53396c2d34225064647a05ca76c1da9d99e5828",
                "reference": "f53396c2d34225064647a05ca76c1da9d99e5828",
                "shasum": ""
            },
            "require": {
                "ext-openssl": "*",
                "paragonie/random_compat": ">= 2",
                "php": ">=5.6.0"
            },
            "require-dev": {
                "phpunit/phpunit": "^5|^6|^7|^8|^9|^10",
                "yoast/phpunit-polyfills": "^2.0.0"
            },
            "bin": [
                "bin/generate-defuse-key"
            ],
            "type": "library",
            "autoload": {
                "psr-4": {
                    "Defuse\\Crypto\\": "src"
                }
            },
            "notification-url": "https://packagist.org/downloads/",
            "license": [
                "MIT"
            ],
            "authors": [
                {
                    "name": "Taylor Hornby",
                    "email": "taylor@defuse.ca",
                    "homepage": "https://defuse.ca/"
                },
                {
                    "name": "Scott Arciszewski",
                    "email": "info@paragonie.com",
                    "homepage": "https://paragonie.com"
                }
            ],
            "description": "Secure PHP Encryption Library",
            "keywords": [
                "aes",
                "authenticated encryption",
                "cipher",
                "crypto",
                "cryptography",
                "encrypt",
                "encryption",
                "openssl",
                "security",
                "symmetric key cryptography"
            ],
            "support": {
                "issues": "https://github.com/defuse/php-encryption/issues",
                "source": "https://github.com/defuse/php-encryption/tree/v2.4.0"
            },
            "time": "2023-06-19T06:10:36+00:00"
        },
        {
            "name": "gijsbos/extfuncs",
            "version": "1.3.2",
            "source": {
                "type": "git",
                "url": "https://github.com/Gijsbos/extfuncs.git",
                "reference": "8792a65eafc6b0e967a3cb77953c922dc09459a9"
            },
            "dist": {
                "type": "zip",
                "url": "https://api.github.com/repos/Gijsbos/extfuncs/zipball/8792a65eafc6b0e967a3cb77953c922dc09459a9",
                "reference": "8792a65eafc6b0e967a3cb77953c922dc09459a9",
                "shasum": ""
            },
            "require": {
                "defuse/php-encryption": "^2.4",
                "gijsbos/stringfuncs": "^1.3",
                "ramsey/uuid": "^4.9"
            },
            "require-dev": {
                "phpunit/phpunit": "^5.7 || ^9.0"
            },
            "type": "library",
            "autoload": {
                "files": [
                    "src/library.php"
                ],
                "psr-4": {
                    "gijsbos\\ExtFuncs\\": "src/"
                }
            },
            "notification-url": "https://packagist.org/downloads/",
            "license": [
                "MIT"
            ],
            "authors": [
                {
                    "name": "Gijs and contributors",
                    "homepage": "https://github.com/gijsbos/extfuncs/graphs/contributors"
                }
            ],
            "description": "PHP Extension Functions",
            "keywords": [
                "extfuncs"
            ],
            "support": {
                "issues": "https://github.com/Gijsbos/extfuncs/issues",
                "source": "https://github.com/Gijsbos/extfuncs/tree/1.3.2"
            },
            "time": "2025-11-11T07:47:37+00:00"
        },
        {
            "name": "gijsbos/logging",
            "version": "1.0.2",
            "source": {
                "type": "git",
                "url": "https://github.com/Gijsbos/logging.git",
                "reference": "164a31602b07092d42c7150f92dd2cab1d571758"
            },
            "dist": {
                "type": "zip",
                "url": "https://api.github.com/repos/Gijsbos/logging/zipball/164a31602b07092d42c7150f92dd2cab1d571758",
                "reference": "164a31602b07092d42c7150f92dd2cab1d571758",
                "shasum": ""
            },
            "require": {
                "gijsbos/extfuncs": "^1.0"
            },
            "require-dev": {
                "phpunit/phpunit": "^5.7 || ^9.0"
            },
            "type": "library",
            "autoload": {
                "files": [
                    "src/Library.php"
                ],
                "psr-4": {
                    "gijsbos\\Logging\\": "src/"
                }
            },
            "notification-url": "https://packagist.org/downloads/",
            "license": [
                "MIT"
            ],
            "authors": [
                {
                    "name": "Gijs and contributors",
                    "homepage": "https://github.com/gijsbos/logging/graphs/contributors"
                }
            ],
            "description": "PHP Logging",
            "keywords": [
                "logging"
            ],
            "support": {
                "issues": "https://github.com/Gijsbos/logging/issues",
                "source": "https://github.com/Gijsbos/logging/tree/1.0.2"
            },
            "time": "2025-11-09T22:46:44+00:00"
        },
        {
            "name": "gijsbos/stringfuncs",
            "version": "1.3.4",
            "source": {
                "type": "git",
                "url": "https://github.com/Gijsbos/stringfuncs.git",
                "reference": "4271968a9481d562579d580f7f52f48e61a566f4"
            },
            "dist": {
                "type": "zip",
                "url": "https://api.github.com/repos/Gijsbos/stringfuncs/zipball/4271968a9481d562579d580f7f52f48e61a566f4",
                "reference": "4271968a9481d562579d580f7f52f48e61a566f4",
                "shasum": ""
            },
            "require-dev": {
                "phpunit/phpunit": "^5.7 || ^9.0"
            },
            "type": "library",
            "autoload": {
                "files": [
                    "src/library.php"
                ],
                "psr-4": {
                    "StringFuncs\\": "src/"
                }
            },
            "notification-url": "https://packagist.org/downloads/",
            "license": [
                "MIT"
            ],
            "authors": [
                {
                    "name": "Gijs and contributors",
                    "homepage": "https://github.com/gijsbos/yamlspeed/graphs/contributors"
                }
            ],
            "description": "PHP String Functions",
            "keywords": [
                "stringfuncs"
            ],
            "support": {
                "issues": "https://github.com/Gijsbos/stringfuncs/issues",
                "source": "https://github.com/Gijsbos/stringfuncs/tree/1.3.4"
            },
            "time": "2025-11-11T10:01:10+00:00"
        },
        {
            "name": "paragonie/random_compat",
            "version": "v9.99.100",
            "source": {
                "type": "git",
                "url": "https://github.com/paragonie/random_compat.git",
                "reference": "996434e5492cb4c3edcb9168db6fbb1359ef965a"
            },
            "dist": {
                "type": "zip",
                "url": "https://api.github.com/repos/paragonie/random_compat/zipball/996434e5492cb4c3edcb9168db6fbb1359ef965a",
                "reference": "996434e5492cb4c3edcb9168db6fbb1359ef965a",
                "shasum": ""
            },
            "require": {
                "php": ">= 7"
            },
            "require-dev": {
                "phpunit/phpunit": "4.*|5.*",
                "vimeo/psalm": "^1"
            },
            "suggest": {
                "ext-libsodium": "Provides a modern crypto API that can be used to generate random bytes."
            },
            "type": "library",
            "notification-url": "https://packagist.org/downloads/",
            "license": [
                "MIT"
            ],
            "authors": [
                {
                    "name": "Paragon Initiative Enterprises",
                    "email": "security@paragonie.com",
                    "homepage": "https://paragonie.com"
                }
            ],
            "description": "PHP 5.x polyfill for random_bytes() and random_int() from PHP 7",
            "keywords": [
                "csprng",
                "polyfill",
                "pseudorandom",
                "random"
            ],
            "support": {
                "email": "info@paragonie.com",
                "issues": "https://github.com/paragonie/random_compat/issues",
                "source": "https://github.com/paragonie/random_compat"
            },
            "time": "2020-10-15T08:29:30+00:00"
        },
        {
            "name": "ramsey/collection",
            "version": "2.1.1",
            "source": {
                "type": "git",
                "url": "https://github.com/ramsey/collection.git",
                "reference": "344572933ad0181accbf4ba763e85a0306a8c5e2"
            },
            "dist": {
                "type": "zip",
                "url": "https://api.github.com/repos/ramsey/collection/zipball/344572933ad0181accbf4ba763e85a0306a8c5e2",
                "reference": "344572933ad0181accbf4ba763e85a0306a8c5e2",
                "shasum": ""
            },
            "require": {
                "php": "^8.1"
            },
            "require-dev": {
                "captainhook/plugin-composer": "^5.3",
                "ergebnis/composer-normalize": "^2.45",
                "fakerphp/faker": "^1.24",
                "hamcrest/hamcrest-php": "^2.0",
                "jangregor/phpstan-prophecy": "^2.1",
                "mockery/mockery": "^1.6",
                "php-parallel-lint/php-console-highlighter": "^1.0",
                "php-parallel-lint/php-parallel-lint": "^1.4",
                "phpspec/prophecy-phpunit": "^2.3",
                "phpstan/extension-installer": "^1.4",
                "phpstan/phpstan": "^2.1",
                "phpstan/phpstan-mockery": "^2.0",
                "phpstan/phpstan-phpunit": "^2.0",
                "phpunit/phpunit": "^10.5",
                "ramsey/coding-standard": "^2.3",
                "ramsey/conventional-commits": "^1.6",
                "roave/security-advisories": "dev-latest"
            },
            "type": "library",
            "extra": {
                "captainhook": {
                    "force-install": true
                },
                "ramsey/conventional-commits": {
                    "configFile": "conventional-commits.json"
                }
            },
            "autoload": {
                "psr-4": {
                    "Ramsey\\Collection\\": "src/"
                }
            },
            "notification-url": "https://packagist.org/downloads/",
            "license": [
                "MIT"
            ],
            "authors": [
                {
                    "name": "Ben Ramsey",
                    "email": "ben@benramsey.com",
                    "homepage": "https://benramsey.com"
                }
            ],
            "description": "A PHP library for representing and manipulating collections.",
            "keywords": [
                "array",
                "collection",
                "hash",
                "map",
                "queue",
                "set"
            ],
            "support": {
                "issues": "https://github.com/ramsey/collection/issues",
                "source": "https://github.com/ramsey/collection/tree/2.1.1"
            },
            "time": "2025-03-22T05:38:12+00:00"
        },
        {
            "name": "ramsey/uuid",
            "version": "4.9.1",
            "source": {
                "type": "git",
                "url": "https://github.com/ramsey/uuid.git",
                "reference": "81f941f6f729b1e3ceea61d9d014f8b6c6800440"
            },
            "dist": {
                "type": "zip",
                "url": "https://api.github.com/repos/ramsey/uuid/zipball/81f941f6f729b1e3ceea61d9d014f8b6c6800440",
                "reference": "81f941f6f729b1e3ceea61d9d014f8b6c6800440",
                "shasum": ""
            },
            "require": {
                "brick/math": "^0.8.8 || ^0.9 || ^0.10 || ^0.11 || ^0.12 || ^0.13 || ^0.14",
                "php": "^8.0",
                "ramsey/collection": "^1.2 || ^2.0"
            },
            "replace": {
                "rhumsaa/uuid": "self.version"
            },
            "require-dev": {
                "captainhook/captainhook": "^5.25",
                "captainhook/plugin-composer": "^5.3",
                "dealerdirect/phpcodesniffer-composer-installer": "^1.0",
                "ergebnis/composer-normalize": "^2.47",
                "mockery/mockery": "^1.6",
                "paragonie/random-lib": "^2",
                "php-mock/php-mock": "^2.6",
                "php-mock/php-mock-mockery": "^1.5",
                "php-parallel-lint/php-parallel-lint": "^1.4.0",
                "phpbench/phpbench": "^1.2.14",
                "phpstan/extension-installer": "^1.4",
                "phpstan/phpstan": "^2.1",
                "phpstan/phpstan-mockery": "^2.0",
                "phpstan/phpstan-phpunit": "^2.0",
                "phpunit/phpunit": "^9.6",
                "slevomat/coding-standard": "^8.18",
                "squizlabs/php_codesniffer": "^3.13"
            },
            "suggest": {
                "ext-bcmath": "Enables faster math with arbitrary-precision integers using BCMath.",
                "ext-gmp": "Enables faster math with arbitrary-precision integers using GMP.",
                "ext-uuid": "Enables the use of PeclUuidTimeGenerator and PeclUuidRandomGenerator.",
                "paragonie/random-lib": "Provides RandomLib for use with the RandomLibAdapter",
                "ramsey/uuid-doctrine": "Allows the use of Ramsey\\Uuid\\Uuid as Doctrine field type."
            },
            "type": "library",
            "extra": {
                "captainhook": {
                    "force-install": true
                }
            },
            "autoload": {
                "files": [
                    "src/functions.php"
                ],
                "psr-4": {
                    "Ramsey\\Uuid\\": "src/"
                }
            },
            "notification-url": "https://packagist.org/downloads/",
            "license": [
                "MIT"
            ],
            "description": "A PHP library for generating and working with universally unique identifiers (UUIDs).",
            "keywords": [
                "guid",
                "identifier",
                "uuid"
            ],
            "support": {
                "issues": "https://github.com/ramsey/uuid/issues",
                "source": "https://github.com/ramsey/uuid/tree/4.9.1"
            },
            "time": "2025-09-04T20:59:21+00:00"
        }
    ],
    "packages-dev": [],
    "aliases": [],
    "minimum-stability": "stable",
    "stability-flags": {},
    "prefer-stable": false,
    "prefer-lowest": false,
    "platform": {},
    "platform-dev": {},
    "plugin-api-version": "2.6.0"
}
